
Microsoft Visual Studio Solution File, Format Version 12.00
# Visual Studio Version 17
VisualStudioVersion = 17.9.34723.18
MinimumVisualStudioVersion = 10.0.40219.1
Project("{9A19103F-16F7-4668-BE54-9A1E7A4F7556}") = "PostManCloneLibrary", "PostManCloneLibrary\PostManCloneLibrary.csproj", "{C5F8C165-73F6-4FCA-BDCF-CEB917DA9D50}"
EndProject
Project("{FAE04EC0-301F-11D3-BF4B-00C04F79EFBC}") = "PostManCloneUi", "PostManCloneUi\PostManCloneUi.csproj", "{81EFD323-C71C-4A94-A07A-D9DDD4CD6A19}"
EndProject
Global
	GlobalSection(SolutionConfigurationPlatforms) = preSolution
		Debug|Any CPU = Debug|Any CPU
		Release|Any CPU = Release|Any CPU
	EndGlobalSection
	GlobalSection(ProjectConfigurationPlatforms) = postSolution
		{C5F8C165-73F6-4FCA-BDCF-CEB917DA9D50}.Debug|Any CPU.ActiveCfg = Debug|Any CPU
		{C5F8C165-73F6-4FCA-BDCF-CEB917DA9D50}.Debug|Any CPU.Build.0 = Debug|Any CPU
		{C5F8C165-73F6-4FCA-BDCF-CEB917DA9D50}.Release|Any CPU.ActiveCfg = Release|Any CPU
		{C5F8C165-73F6-4FCA-BDCF-CEB917DA9D50}.Release|Any CPU.Build.0 = Release|Any CPU
		{81EFD323-C71C-4A94-A07A-D9DDD4CD6A19}.Debug|Any CPU.ActiveCfg = Debug|Any CPU
		{81EFD323-C71C-4A94-A07A-D9DDD4CD6A19}.Debug|Any CPU.Build.0 = Debug|Any CPU
		{81EFD323-C71C-4A94-A07A-D9DDD4CD6A19}.Release|Any CPU.ActiveCfg = Release|Any CPU
		{81EFD323-C71C-4A94-A07A-D9DDD4CD6A19}.Release|Any CPU.Build.0 = Release|Any CPU
	EndGlobalSection
	GlobalSection(SolutionProperties) = preSolution
		HideSolutionNode = FALSE
	EndGlobalSection
	GlobalSection(ExtensibilityGlobals) = postSolution
		SolutionGuid = {D010E8AC-909D-4F8C-990B-45CCA4FE6E24}
	EndGlobalSection
EndGlobal
